{
  "name": "github-calendar",
  "version": "1.0.1",
  "lockfileVersion": 1,
  "dependencies": {
    "github-calendar-legend": {
      "version": "1.0.7",
      "resolved": "https://registry.npmjs.org/github-calendar-legend/-/github-calendar-legend-1.0.7.tgz",
      "integrity": "sha1-AW/0bDwbqy+Z6CvZqgLza2pGGg4="
    },
    "github-calendar-parser": {
      "version": "1.1.7",
      "resolved": "https://registry.npmjs.org/github-calendar-parser/-/github-calendar-parser-1.1.7.tgz",
      "integrity": "sha1-1BSOX7XMON03ilOcyYSAAPNVWi0="
    }
  }
}
